
Microsoft Visual Studio Solution File, Format Version 12.00
# Visual Studio Version 17
VisualStudioVersion = 17.14.36518.9 d17.14
MinimumVisualStudioVersion = 10.0.40219.1
Project("{FAE04EC0-301F-11D3-BF4B-00C04F79EFBC}") = "BuildHub", "BuildHub\BuildHub.csproj", "{66E3E79F-620A-4EFD-AD58-1DDF35D10152}"
EndProject
Global
	GlobalSection(SolutionConfigurationPlatforms) = preSolution
		Debug|Any CPU = Debug|Any CPU
		Release|Any CPU = Release|Any CPU
	EndGlobalSection
	GlobalSection(ProjectConfigurationPlatforms) = postSolution
		{66E3E79F-620A-4EFD-AD58-1DDF35D10152}.Debug|Any CPU.ActiveCfg = Debug|Any CPU
		{66E3E79F-620A-4EFD-AD58-1DDF35D10152}.Debug|Any CPU.Build.0 = Debug|Any CPU
		{66E3E79F-620A-4EFD-AD58-1DDF35D10152}.Release|Any CPU.ActiveCfg = Release|Any CPU
		{66E3E79F-620A-4EFD-AD58-1DDF35D10152}.Release|Any CPU.Build.0 = Release|Any CPU
	EndGlobalSection
	GlobalSection(SolutionProperties) = preSolution
		HideSolutionNode = FALSE
	EndGlobalSection
	GlobalSection(ExtensibilityGlobals) = postSolution
		SolutionGuid = {5852476A-BEA4-4D61-BE9A-D4B193934F91}
	EndGlobalSection
EndGlobal
